
Microsoft Visual Studio Solution File, Format Version 12.00
Project("{FAE04EC0-301F-11D3-BF4B-00C04F79EFBC}") = "WAFlow.Simulator", "WAFlow.Simulator\WAFlow.Simulator.csproj", "{624735A7-8209-48FA-A0E0-6986FB5F39B8}"
EndProject
Project("{FAE04EC0-301F-11D3-BF4B-00C04F79EFBC}") = "EchoBot.Example", "EchoBot.Example\EchoBot.Example.csproj", "{A62275A6-0F2C-4986-8821-2F1D5CF4A03F}"
EndProject
Project("{FAE04EC0-301F-11D3-BF4B-00C04F79EFBC}") = "WAFlow.Chat", "WAFlow.Chat\WAFlow.Chat.csproj", "{9BDF95FC-29B6-4A36-94FA-84B462A0D1D1}"
EndProject
Global
	GlobalSection(SolutionConfigurationPlatforms) = preSolution
		Debug|Any CPU = Debug|Any CPU
		Release|Any CPU = Release|Any CPU
	EndGlobalSection
	GlobalSection(ProjectConfigurationPlatforms) = postSolution
		{624735A7-8209-48FA-A0E0-6986FB5F39B8}.Debug|Any CPU.ActiveCfg = Debug|Any CPU
		{624735A7-8209-48FA-A0E0-6986FB5F39B8}.Debug|Any CPU.Build.0 = Debug|Any CPU
		{624735A7-8209-48FA-A0E0-6986FB5F39B8}.Release|Any CPU.ActiveCfg = Release|Any CPU
		{624735A7-8209-48FA-A0E0-6986FB5F39B8}.Release|Any CPU.Build.0 = Release|Any CPU
		{A62275A6-0F2C-4986-8821-2F1D5CF4A03F}.Debug|Any CPU.ActiveCfg = Debug|Any CPU
		{A62275A6-0F2C-4986-8821-2F1D5CF4A03F}.Debug|Any CPU.Build.0 = Debug|Any CPU
		{A62275A6-0F2C-4986-8821-2F1D5CF4A03F}.Release|Any CPU.ActiveCfg = Release|Any CPU
		{A62275A6-0F2C-4986-8821-2F1D5CF4A03F}.Release|Any CPU.Build.0 = Release|Any CPU
		{9BDF95FC-29B6-4A36-94FA-84B462A0D1D1}.Debug|Any CPU.ActiveCfg = Debug|Any CPU
		{9BDF95FC-29B6-4A36-94FA-84B462A0D1D1}.Debug|Any CPU.Build.0 = Debug|Any CPU
		{9BDF95FC-29B6-4A36-94FA-84B462A0D1D1}.Release|Any CPU.ActiveCfg = Release|Any CPU
		{9BDF95FC-29B6-4A36-94FA-84B462A0D1D1}.Release|Any CPU.Build.0 = Release|Any CPU
	EndGlobalSection
EndGlobal
